{
  "originHash" : "6ba869de837934982340031c128764f8ee9b68fe09ccf9f3d96f90e078dd62a9",
  "pins" : [
    {
      "identity" : "adhan-swift",
      "kind" : "remoteSourceControl",
      "location" : "https://github.com/batoulapps/adhan-swift",
      "state" : {
        "branch" : "main",
        "revision" : "a6fa2deee80c5abb0b9ad04466f8ab12b53144e7"
      }
    }
  ],
  "version" : 3
}
